
Microsoft Visual Studio Solution File, Format Version 12.00
# Visual Studio Version 16
VisualStudioVersion = 16.0.30011.22
MinimumVisualStudioVersion = 10.0.40219.1
Project("{8BC9CEB8-8B4A-11D0-8D11-00A0C91BC942}") = "frequencyOfElements", "frequencyOfElements\frequencyOfElements.vcxproj", "{9EDCDE1F-3212-43A5-8CBE-E7E48B391768}"
EndProject
Global
	GlobalSection(SolutionConfigurationPlatforms) = preSolution
		Debug|x64 = Debug|x64
		Debug|x86 = Debug|x86
		Release|x64 = Release|x64
		Release|x86 = Release|x86
	EndGlobalSection
	GlobalSection(ProjectConfigurationPlatforms) = postSolution
		{9EDCDE1F-3212-43A5-8CBE-E7E48B391768}.Debug|x64.ActiveCfg = Debug|x64
		{9EDCDE1F-3212-43A5-8CBE-E7E48B391768}.Debug|x64.Build.0 = Debug|x64
		{9EDCDE1F-3212-43A5-8CBE-E7E48B391768}.Debug|x86.ActiveCfg = Debug|Win32
		{9EDCDE1F-3212-43A5-8CBE-E7E48B391768}.Debug|x86.Build.0 = Debug|Win32
		{9EDCDE1F-3212-43A5-8CBE-E7E48B391768}.Release|x64.ActiveCfg = Release|x64
		{9EDCDE1F-3212-43A5-8CBE-E7E48B391768}.Release|x64.Build.0 = Release|x64
		{9EDCDE1F-3212-43A5-8CBE-E7E48B391768}.Release|x86.ActiveCfg = Release|Win32
		{9EDCDE1F-3212-43A5-8CBE-E7E48B391768}.Release|x86.Build.0 = Release|Win32
	EndGlobalSection
	GlobalSection(SolutionProperties) = preSolution
		HideSolutionNode = FALSE
	EndGlobalSection
	GlobalSection(ExtensibilityGlobals) = postSolution
		SolutionGuid = {B198C809-1508-4088-A758-6CC7FC4E46CA}
	EndGlobalSection
EndGlobal
